// !$*UTF8*$!
{
	archiveVersion = 1;
	classes = {
	};
	objectVersion = 50;
	objects = {

/* Begin PBXBuildFile section */
		7D4337BF269A627600E5EDD0 /* CircleImage.swift in Sources */ = {isa = PBXBuildFile; fileRef = 7D4337BE269A627600E5EDD0 /* CircleImage.swift */; };
		7D4337C1269A640600E5EDD0 /* MapView.swift in Sources */ = {isa = PBXBuildFile; fileRef = 7D4337C0269A640600E5EDD0 /* MapView.swift */; };
		7D4337C3269A6A2400E5EDD0 /* landmarkData.json in Resources */ = {isa = PBXBuildFile; fileRef = 7D4337C2269A6A2400E5EDD0 /* landmarkData.json */; };
		7D4337C5269A6A4A00E5EDD0 /* Landmark.swift in Sources */ = {isa = PBXBuildFile; fileRef = 7D4337C4269A6A4A00E5EDD0 /* Landmark.swift */; };
		7DCF8F44269DC3FF001085C1 /* LandmarkRow.swift in Sources */ = {isa = PBXBuildFile; fileRef = 7DCF8F43269DC3FF001085C1 /* LandmarkRow.swift */; };
		7DCF8F46269DC755001085C1 /* LandmarkList.swift in Sources */ = {isa = PBXBuildFile; fileRef = 7DCF8F45269DC755001085C1 /* LandmarkList.swift */; };
		AB4A8A2C269B294D00A7400C /* ModelData.swift in Sources */ = {isa = PBXBuildFile; fileRef = AB4A8A2B269B294D00A7400C /* ModelData.swift */; };
		ABECE8F7269A3FB100FAE402 /* LandmarksApp.swift in Sources */ = {isa = PBXBuildFile; fileRef = ABECE8F6269A3FB100FAE402 /* LandmarksApp.swift */; };
		ABECE8F9269A3FB100FAE402 /* ContentView.swift in Sources */ = {isa = PBXBuildFile; fileRef = ABECE8F8269A3FB100FAE402 /* ContentView.swift */; };
		ABECE8FB269A3FB300FAE402 /* Assets.xcassets in Resources */ = {isa = PBXBuildFile; fileRef = ABECE8FA269A3FB300FAE402 /* Assets.xcassets */; };
		ABECE8FE269A3FB300FAE402 /* Preview Assets.xcassets in Resources */ = {isa = PBXBuildFile; fileRef = ABECE8FD269A3FB300FAE402 /* Preview Assets.xcassets */; };
		ABECE909269A3FB300FAE402 /* LandmarksTests.swift in Sources */ = {isa = PBXBuildFile; fileRef = ABECE908269A3FB300FAE402 /* LandmarksTests.swift */; };
		ABECE914269A3FB300FAE402 /* LandmarksUITests.swift in Sources */ = {isa = PBXBuildFile; fileRef = ABECE913269A3FB300FAE402 /* LandmarksUITests.swift */; };
/* End PBXBuildFile section */

/* Begin PBXContainerItemProxy section */
		ABECE905269A3FB300FAE402 /* PBXContainerItemProxy */ = {
			isa = PBXContainerItemProxy;
			containerPortal = ABECE8EB269A3FB100FAE402 /* Project object */;
			proxyType = 1;
			remoteGlobalIDString = ABECE8F2269A3FB100FAE402;
			remoteInfo = Landmarks;
		};
		ABECE910269A3FB300FAE402 /* PBXContainerItemProxy */ = {
			isa = PBXContainerItemProxy;
			containerPortal = ABECE8EB269A3FB100FAE402 /* Project object */;
			proxyType = 1;
			remoteGlobalIDString = ABECE8F2269A3FB100FAE402;
			remoteInfo = Landmarks;
		};
/* End PBXContainerItemProxy section */

/* Begin PBXFileReference section */
		7D4337BE269A627600E5EDD0 /* CircleImage.swift */ = {isa = PBXFileReference; lastKnownFileType = sourcecode.swift; path = CircleImage.swift; sourceTree = "<group>"; };
		7D4337C0269A640600E5EDD0 /* MapView.swift */ = {isa = PBXFileReference; lastKnownFileType = sourcecode.swift; path = MapView.swift; sourceTree = "<group>"; };
		7D4337C2269A6A2400E5EDD0 /* landmarkData.json */ = {isa = PBXFileReference; fileEncoding = 4; lastKnownFileType = text.json; path = landmarkData.json; sourceTree = "<group>"; };
		7D4337C4269A6A4A00E5EDD0 /* Landmark.swift */ = {isa = PBXFileReference; lastKnownFileType = sourcecode.swift; path = Landmark.swift; sourceTree = "<group>"; };
		7DCF8F43269DC3FF001085C1 /* LandmarkRow.swift */ = {isa = PBXFileReference; lastKnownFileType = sourcecode.swift; path = LandmarkRow.swift; sourceTree = "<group>"; };
		7DCF8F45269DC755001085C1 /* LandmarkList.swift */ = {isa = PBXFileReference; lastKnownFileType = sourcecode.swift; path = LandmarkList.swift; sourceTree = "<group>"; };
		AB4A8A2B269B294D00A7400C /* ModelData.swift */ = {isa = PBXFileReference; lastKnownFileType = sourcecode.swift; path = ModelData.swift; sourceTree = "<group>"; };
		ABECE8F3269A3FB100FAE402 /* Landmarks.app */ = {isa = PBXFileReference; explicitFileType = wrapper.application; includeInIndex = 0; path = Landmarks.app; sourceTree = BUILT_PRODUCTS_DIR; };
		ABECE8F6269A3FB100FAE402 /* LandmarksApp.swift */ = {isa = PBXFileReference; lastKnownFileType = sourcecode.swift; path = LandmarksApp.swift; sourceTree = "<group>"; };
		ABECE8F8269A3FB100FAE402 /* ContentView.swift */ = {isa = PBXFileReference; lastKnownFileType = sourcecode.swift; path = ContentView.swift; sourceTree = "<group>"; };
		ABECE8FA269A3FB300FAE402 /* Assets.xcassets */ = {isa = PBXFileReference; lastKnownFileType = folder.assetcatalog; path = Assets.xcassets; sourceTree = "<group>"; };
		ABECE8FD269A3FB300FAE402 /* Preview Assets.xcassets */ = {isa = PBXFileReference; lastKnownFileType = folder.assetcatalog; path = "Preview Assets.xcassets"; sourceTree = "<group>"; };
		ABECE8FF269A3FB300FAE402 /* Info.plist */ = {isa = PBXFileReference; lastKnownFileType = text.plist.xml; path = Info.plist; sourceTree = "<group>"; };
		ABECE904269A3FB300FAE402 /* LandmarksTests.xctest */ = {isa = PBXFileReference; explicitFileType = wrapper.cfbundle; includeInIndex = 0; path = LandmarksTests.xctest; sourceTree = BUILT_PRODUCTS_DIR; };
		ABECE908269A3FB300FAE402 /* LandmarksTests.swift */ = {isa = PBXFileReference; lastKnownFileType = sourcecode.swift; path = LandmarksTests.swift; sourceTree = "<group>"; };
		ABECE90A269A3FB300FAE402 /* Info.plist */ = {isa = PBXFileReference; lastKnownFileType = text.plist.xml; path = Info.plist; sourceTree = "<group>"; };
		ABECE90F269A3FB300FAE402 /* LandmarksUITests.xctest */ = {isa = PBXFileReference; explicitFileType = wrapper.cfbundle; includeInIndex = 0; path = LandmarksUITests.xctest; sourceTree = BUILT_PRODUCTS_DIR; };
		ABECE913269A3FB300FAE402 /* LandmarksUITests.swift */ = {isa = PBXFileReference; lastKnownFileType = sourcecode.swift; path = LandmarksUITests.swift; sourceTree = "<group>"; };
		ABECE915269A3FB300FAE402 /* Info.plist */ = {isa = PBXFileReference; lastKnownFileType = text.plist.xml; path = Info.plist; sourceTree = "<group>"; };
/* End PBXFileReference section */

/* Begin PBXFrameworksBuildPhase section */
		ABECE8F0269A3FB100FAE402 /* Frameworks */ = {
			isa = PBXFrameworksBuildPhase;
			buildActionMask = 2147483647;
			files = (
			);
			runOnlyForDeploymentPostprocessing = 0;
		};
		ABECE901269A3FB300FAE402 /* Frameworks */ = {
			isa = PBXFrameworksBuildPhase;
			buildActionMask = 2147483647;
			files = (
			);
			runOnlyForDeploymentPostprocessing = 0;
		};
		ABECE90C269A3FB300FAE402 /* Frameworks */ = {
			isa = PBXFrameworksBuildPhase;
			buildActionMask = 2147483647;
			files = (
			);
			runOnlyForDeploymentPostprocessing = 0;
		};
/* End PBXFrameworksBuildPhase section */

/* Begin PBXGroup section */
		7DCF8F40269DC35F001085C1 /* Views */ = {
			isa = PBXGroup;
			children = (
				ABECE8F8269A3FB100FAE402 /* ContentView.swift */,
				7D4337BE269A627600E5EDD0 /* CircleImage.swift */,
				7D4337C0269A640600E5EDD0 /* MapView.swift */,
				7DCF8F43269DC3FF001085C1 /* LandmarkRow.swift */,
				7DCF8F45269DC755001085C1 /* LandmarkList.swift */,
			);
			path = Views;
			sourceTree = "<group>";
		};
		7DCF8F41269DC386001085C1 /* Model */ = {
			isa = PBXGroup;
			children = (
				7D4337C4269A6A4A00E5EDD0 /* Landmark.swift */,
				AB4A8A2B269B294D00A7400C /* ModelData.swift */,
			);
			path = Model;
			sourceTree = "<group>";
		};
		7DCF8F42269DC397001085C1 /* Resources */ = {
			isa = PBXGroup;
			children = (
				7D4337C2269A6A2400E5EDD0 /* landmarkData.json */,
			);
			path = Resources;
			sourceTree = "<group>";
		};
		ABECE8EA269A3FB100FAE402 = {
			isa = PBXGroup;
			children = (
				ABECE8F5269A3FB100FAE402 /* Landmarks */,
				ABECE907269A3FB300FAE402 /* LandmarksTests */,
				ABECE912269A3FB300FAE402 /* LandmarksUITests */,
				ABECE8F4269A3FB100FAE402 /* Products */,
			);
			sourceTree = "<group>";
		};
		ABECE8F4269A3FB100FAE402 /* Products */ = {
			isa = PBXGroup;
			children = (
				ABECE8F3269A3FB100FAE402 /* Landmarks.app */,
				ABECE904269A3FB300FAE402 /* LandmarksTests.xctest */,
				ABECE90F269A3FB300FAE402 /* LandmarksUITests.xctest */,
			);
			name = Products;
			sourceTree = "<group>";
		};
		ABECE8F5269A3FB100FAE402 /* Landmarks */ = {
			isa = PBXGroup;
			children = (
				ABECE8F6269A3FB100FAE402 /* LandmarksApp.swift */,
				7DCF8F40269DC35F001085C1 /* Views */,
				7DCF8F41269DC386001085C1 /* Model */,
				7DCF8F42269DC397001085C1 /* Resources */,
				ABECE8FA269A3FB300FAE402 /* Assets.xcassets */,
				ABECE8FF269A3FB300FAE402 /* Info.plist */,
				ABECE8FC269A3FB300FAE402 /* Preview Content */,
			);
			path = Landmarks;
			sourceTree = "<group>";
		};
		ABECE8FC269A3FB300FAE402 /* Preview Content */ = {
			isa = PBXGroup;
			children = (
				ABECE8FD269A3FB300FAE402 /* Preview Assets.xcassets */,
			);
			path = "Preview Content";
			sourceTree = "<group>";
		};
		ABECE907269A3FB300FAE402 /* LandmarksTests */ = {
			isa = PBXGroup;
			children = (
				ABECE908269A3FB300FAE402 /* LandmarksTests.swift */,
				ABECE90A269A3FB300FAE402 /* Info.plist */,
			);
			path = LandmarksTests;
			sourceTree = "<group>";
		};
		ABECE912269A3FB300FAE402 /* LandmarksUITests */ = {
			isa = PBXGroup;
			children = (
				ABECE913269A3FB300FAE402 /* LandmarksUITests.swift */,
				ABECE915269A3FB300FAE402 /* Info.plist */,
			);
			path = LandmarksUITests;
			sourceTree = "<group>";
		};
/* End PBXGroup section */

/* Begin PBXNativeTarget section */
		ABECE8F2269A3FB100FAE402 /* Landmarks */ = {
			isa = PBXNativeTarget;
			buildConfigurationList = ABECE918269A3FB300FAE402 /* Build configuration list for PBXNativeTarget "Landmarks" */;
			buildPhases = (
				ABECE8EF269A3FB100FAE402 /* Sources */,
				ABECE8F0269A3FB100FAE402 /* Frameworks */,
				ABECE8F1269A3FB100FAE402 /* Resources */,
			);
			buildRules = (
			);
			dependencies = (
			);
			name = Landmarks;
			productName = Landmarks;
			productReference = ABECE8F3269A3FB100FAE402 /* Landmarks.app */;
			productType = "com.apple.product-type.application";
		};
		ABECE903269A3FB300FAE402 /* LandmarksTests */ = {
			isa = PBXNativeTarget;
			buildConfigurationList = ABECE91B269A3FB300FAE402 /* Build configuration list for PBXNativeTarget "LandmarksTests" */;
			buildPhases = (
				ABECE900269A3FB300FAE402 /* Sources */,
				ABECE901269A3FB300FAE402 /* Frameworks */,
				ABECE902269A3FB300FAE402 /* Resources */,
			);
			buildRules = (
			);
			dependencies = (
				ABECE906269A3FB300FAE402 /* PBXTargetDependency */,
			);
			name = LandmarksTests;
			productName = LandmarksTests;
			productReference = ABECE904269A3FB300FAE402 /* LandmarksTests.xctest */;
			productType = "com.apple.product-type.bundle.unit-test";
		};
		ABECE90E269A3FB300FAE402 /* LandmarksUITests */ = {
			isa = PBXNativeTarget;
			buildConfigurationList = ABECE91E269A3FB300FAE402 /* Build configuration list for PBXNativeTarget "LandmarksUITests" */;
			buildPhases = (
				ABECE90B269A3FB300FAE402 /* Sources */,
				ABECE90C269A3FB300FAE402 /* Frameworks */,
				ABECE90D269A3FB300FAE402 /* Resources */,
			);
			buildRules = (
			);
			dependencies = (
				ABECE911269A3FB300FAE402 /* PBXTargetDependency */,
			);
			name = LandmarksUITests;
			productName = LandmarksUITests;
			productReference = ABECE90F269A3FB300FAE402 /* LandmarksUITests.xctest */;
			productType = "com.apple.product-type.bundle.ui-testing";
		};
/* End PBXNativeTarget section */

/* Begin PBXProject section */
		ABECE8EB269A3FB100FAE402 /* Project object */ = {
			isa = PBXProject;
			attributes = {
				LastSwiftUpdateCheck = 1250;
				LastUpgradeCheck = 1250;
				TargetAttributes = {
					ABECE8F2269A3FB100FAE402 = {
						CreatedOnToolsVersion = 12.5.1;
					};
					ABECE903269A3FB300FAE402 = {
						CreatedOnToolsVersion = 12.5.1;
						TestTargetID = ABECE8F2269A3FB100FAE402;
					};
					ABECE90E269A3FB300FAE402 = {
						CreatedOnToolsVersion = 12.5.1;
						TestTargetID = ABECE8F2269A3FB100FAE402;
					};
				};
			};
			buildConfigurationList = ABECE8EE269A3FB100FAE402 /* Build configuration list for PBXProject "Landmarks" */;
			compatibilityVersion = "Xcode 9.3";
			developmentRegion = en;
			hasScannedForEncodings = 0;
			knownRegions = (
				en,
				Base,
			);
			mainGroup = ABECE8EA269A3FB100FAE402;
			productRefGroup = ABECE8F4269A3FB100FAE402 /* Products */;
			projectDirPath = "";
			projectRoot = "";
			targets = (
				ABECE8F2269A3FB100FAE402 /* Landmarks */,
				ABECE903269A3FB300FAE402 /* LandmarksTests */,
				ABECE90E269A3FB300FAE402 /* LandmarksUITests */,
			);
		};
/* End PBXProject section */

/* Begin PBXResourcesBuildPhase section */
		ABECE8F1269A3FB100FAE402 /* Resources */ = {
			isa = PBXResourcesBuildPhase;
			buildActionMask = 2147483647;
			files = (
				ABECE8FE269A3FB300FAE402 /* Preview Assets.xcassets in Resources */,
				ABECE8FB269A3FB300FAE402 /* Assets.xcassets in Resources */,
				7D4337C3269A6A2400E5EDD0 /* landmarkData.json in Resources */,
			);
			runOnlyForDeploymentPostprocessing = 0;
		};
		ABECE902269A3FB300FAE402 /* Resources */ = {
			isa = PBXResourcesBuildPhase;
			buildActionMask = 2147483647;
			files = (
			);
			runOnlyForDeploymentPostprocessing = 0;
		};
		ABECE90D269A3FB300FAE402 /* Resources */ = {
			isa = PBXResourcesBuildPhase;
			buildActionMask = 2147483647;
			files = (
			);
			runOnlyForDeploymentPostprocessing = 0;
		};
/* End PBXResourcesBuildPhase section */

/* Begin PBXSourcesBuildPhase section */
		ABECE8EF269A3FB100FAE402 /* Sources */ = {
			isa = PBXSourcesBuildPhase;
			buildActionMask = 2147483647;
			files = (
				ABECE8F9269A3FB100FAE402 /* ContentView.swift in Sources */,
				AB4A8A2C269B294D00A7400C /* ModelData.swift in Sources */,
				ABECE8F7269A3FB100FAE402 /* LandmarksApp.swift in Sources */,
				7DCF8F46269DC755001085C1 /* LandmarkList.swift in Sources */,
				7D4337C1269A640600E5EDD0 /* MapView.swift in Sources */,
				7D4337BF269A627600E5EDD0 /* CircleImage.swift in Sources */,
				7DCF8F44269DC3FF001085C1 /* LandmarkRow.swift in Sources */,
				7D4337C5269A6A4A00E5EDD0 /* Landmark.swift in Sources */,
			);
			runOnlyForDeploymentPostprocessing = 0;
		};
		ABECE900269A3FB300FAE402 /* Sources */ = {
			isa = PBXSourcesBuildPhase;
			buildActionMask = 2147483647;
			files = (
				ABECE909269A3FB300FAE402 /* LandmarksTests.swift in Sources */,
			);
			runOnlyForDeploymentPostprocessing = 0;
		};
		ABECE90B269A3FB300FAE402 /* Sources */ = {
			isa = PBXSourcesBuildPhase;
			buildActionMask = 2147483647;
			files = (
				ABECE914269A3FB300FAE402 /* LandmarksUITests.swift in Sources */,
			);
			runOnlyForDeploymentPostprocessing = 0;
		};
/* End PBXSourcesBuildPhase section */

/* Begin PBXTargetDependency section */
		ABECE906269A3FB300FAE402 /* PBXTargetDependency */ = {
			isa = PBXTargetDependency;
			target = ABECE8F2269A3FB100FAE402 /* Landmarks */;
			targetProxy = ABECE905269A3FB300FAE402 /* PBXContainerItemProxy */;
		};
		ABECE911269A3FB300FAE402 /* PBXTargetDependency */ = {
			isa = PBXTargetDependency;
			target = ABECE8F2269A3FB100FAE402 /* Landmarks */;
			targetProxy = ABECE910269A3FB300FAE402 /* PBXContainerItemProxy */;
		};
/* End PBXTargetDependency section */

/* Begin XCBuildConfiguration section */
		ABECE916269A3FB300FAE402 /* Debug */ = {
			isa = XCBuildConfiguration;
			buildSettings = {
				ALWAYS_SEARCH_USER_PATHS = NO;
				CLANG_ANALYZER_NONNULL = YES;
				CLANG_ANALYZER_NUMBER_OBJECT_CONVERSION = YES_AGGRESSIVE;
				CLANG_CXX_LANGUAGE_STANDARD = "gnu++14";
				CLANG_CXX_LIBRARY = "libc++";
				CLANG_ENABLE_MODULES = YES;
				CLANG_ENABLE_OBJC_ARC = YES;
				CLANG_ENABLE_OBJC_WEAK = YES;
				CLANG_WARN_BLOCK_CAPTURE_AUTORELEASING = YES;
				CLANG_WARN_BOOL_CONVERSION = YES;
				CLANG_WARN_COMMA = YES;
				CLANG_WARN_CONSTANT_CONVERSION = YES;
				CLANG_WARN_DEPRECATED_OBJC_IMPLEMENTATIONS = YES;
				CLANG_WARN_DIRECT_OBJC_ISA_USAGE = YES_ERROR;
				CLANG_WARN_DOCUMENTATION_COMMENTS = YES;
				CLANG_WARN_EMPTY_BODY = YES;
				CLANG_WARN_ENUM_CONVERSION = YES;
				CLANG_WARN_INFINITE_RECURSION = YES;
				CLANG_WARN_INT_CONVERSION = YES;
				CLANG_WARN_NON_LITERAL_NULL_CONVERSION = YES;
				CLANG_WARN_OBJC_IMPLICIT_RETAIN_SELF = YES;
				CLANG_WARN_OBJC_LITERAL_CONVERSION = YES;
				CLANG_WARN_OBJC_ROOT_CLASS = YES_ERROR;
				CLANG_WARN_QUOTED_INCLUDE_IN_FRAMEWORK_HEADER = YES;
				CLANG_WARN_RANGE_LOOP_ANALYSIS = YES;
				CLANG_WARN_STRICT_PROTOTYPES = YES;
				CLANG_WARN_SUSPICIOUS_MOVE = YES;
				CLANG_WARN_UNGUARDED_AVAILABILITY = YES_AGGRESSIVE;
				CLANG_WARN_UNREACHABLE_CODE = YES;
				CLANG_WARN__DUPLICATE_METHOD_MATCH = YES;
				COPY_PHASE_STRIP = NO;
				DEBUG_INFORMATION_FORMAT = dwarf;
				ENABLE_STRICT_OBJC_MSGSEND = YES;
				ENABLE_TESTABILITY = YES;
				GCC_C_LANGUAGE_STANDARD = gnu11;
				GCC_DYNAMIC_NO_PIC = NO;
				GCC_NO_COMMON_BLOCKS = YES;
				GCC_OPTIMIZATION_LEVEL = 0;
				GCC_PREPROCESSOR_DEFINITIONS = (
					"DEBUG=1",
					"$(inherited)",
				);
				GCC_WARN_64_TO_32_BIT_CONVERSION = YES;
				GCC_WARN_ABOUT_RETURN_TYPE = YES_ERROR;
				GCC_WARN_UNDECLARED_SELECTOR = YES;
				GCC_WARN_UNINITIALIZED_AUTOS = YES_AGGRESSIVE;
				GCC_WARN_UNUSED_FUNCTION = YES;
				GCC_WARN_UNUSED_VARIABLE = YES;
				IPHONEOS_DEPLOYMENT_TARGET = 14.5;
				MTL_ENABLE_DEBUG_INFO = INCLUDE_SOURCE;
				MTL_FAST_MATH = YES;
				ONLY_ACTIVE_ARCH = YES;
				SDKROOT = iphoneos;
				SWIFT_ACTIVE_COMPILATION_CONDITIONS = DEBUG;
				SWIFT_OPTIMIZATION_LEVEL = "-Onone";
			};
			name = Debug;
		};
		ABECE917269A3FB300FAE402 /* Release */ = {
			isa = XCBuildConfiguration;
			buildSettings = {
				ALWAYS_SEARCH_USER_PATHS = NO;
				CLANG_ANALYZER_NONNULL = YES;
				CLANG_ANALYZER_NUMBER_OBJECT_CONVERSION = YES_AGGRESSIVE;
				CLANG_CXX_LANGUAGE_STANDARD = "gnu++14";
				CLANG_CXX_LIBRARY = "libc++";
				CLANG_ENABLE_MODULES = YES;
				CLANG_ENABLE_OBJC_ARC = YES;
				CLANG_ENABLE_OBJC_WEAK = YES;
				CLANG_WARN_BLOCK_CAPTURE_AUTORELEASING = YES;
				CLANG_WARN_BOOL_CONVERSION = YES;
				CLANG_WARN_COMMA = YES;
				CLANG_WARN_CONSTANT_CONVERSION = YES;
				CLANG_WARN_DEPRECATED_OBJC_IMPLEMENTATIONS = YES;
				CLANG_WARN_DIRECT_OBJC_ISA_USAGE = YES_ERROR;
				CLANG_WARN_DOCUMENTATION_COMMENTS = YES;
				CLANG_WARN_EMPTY_BODY = YES;
				CLANG_WARN_ENUM_CONVERSION = YES;
				CLANG_WARN_INFINITE_RECURSION = YES;
				CLANG_WARN_INT_CONVERSION = YES;
				CLANG_WARN_NON_LITERAL_NULL_CONVERSION = YES;
				CLANG_WARN_OBJC_IMPLICIT_RETAIN_SELF = YES;
				CLANG_WARN_OBJC_LITERAL_CONVERSION = YES;
				CLANG_WARN_OBJC_ROOT_CLASS = YES_ERROR;
				CLANG_WARN_QUOTED_INCLUDE_IN_FRAMEWORK_HEADER = YES;
				CLANG_WARN_RANGE_LOOP_ANALYSIS = YES;
				CLANG_WARN_STRICT_PROTOTYPES = YES;
				CLANG_WARN_SUSPICIOUS_MOVE = YES;
				CLANG_WARN_UNGUARDED_AVAILABILITY = YES_AGGRESSIVE;
				CLANG_WARN_UNREACHABLE_CODE = YES;
				CLANG_WARN__DUPLICATE_METHOD_MATCH = YES;
				COPY_PHASE_STRIP = NO;
				DEBUG_INFORMATION_FORMAT = "dwarf-with-dsym";
				ENABLE_NS_ASSERTIONS = NO;
				ENABLE_STRICT_OBJC_MSGSEND = YES;
				GCC_C_LANGUAGE_STANDARD = gnu11;
				GCC_NO_COMMON_BLOCKS = YES;
				GCC_WARN_64_TO_32_BIT_CONVERSION = YES;
				GCC_WARN_ABOUT_RETURN_TYPE = YES_ERROR;
				GCC_WARN_UNDECLARED_SELECTOR = YES;
				GCC_WARN_UNINITIALIZED_AUTOS = YES_AGGRESSIVE;
				GCC_WARN_UNUSED_FUNCTION = YES;
				GCC_WARN_UNUSED_VARIABLE = YES;
				IPHONEOS_DEPLOYMENT_TARGET = 14.5;
				MTL_ENABLE_DEBUG_INFO = NO;
				MTL_FAST_MATH = YES;
				SDKROOT = iphoneos;
				SWIFT_COMPILATION_MODE = wholemodule;
				SWIFT_OPTIMIZATION_LEVEL = "-O";
				VALIDATE_PRODUCT = YES;
			};
			name = Release;
		};
		ABECE919269A3FB300FAE402 /* Debug */ = {
			isa = XCBuildConfiguration;
			buildSettings = {
				ASSETCATALOG_COMPILER_APPICON_NAME = AppIcon;
				ASSETCATALOG_COMPILER_GLOBAL_ACCENT_COLOR_NAME = AccentColor;
				CODE_SIGN_STYLE = Automatic;
				DEVELOPMENT_ASSET_PATHS = "\"Landmarks/Preview Content\"";
				DEVELOPMENT_TEAM = 8SNB8S3DJU;
				ENABLE_PREVIEWS = YES;
				INFOPLIST_FILE = Landmarks/Info.plist;
				IPHONEOS_DEPLOYMENT_TARGET = 14.0;
				LD_RUNPATH_SEARCH_PATHS = (
					"$(inherited)",
					"@executable_path/Frameworks",
				);
				PRODUCT_BUNDLE_IDENTIFIER = com.jacagen.Landmarks;
				PRODUCT_NAME = "$(TARGET_NAME)";
				SWIFT_VERSION = 5.0;
				TARGETED_DEVICE_FAMILY = "1,2";
			};
			name = Debug;
		};
		ABECE91A269A3FB300FAE402 /* Release */ = {
			isa = XCBuildConfiguration;
			buildSettings = {
				ASSETCATALOG_COMPILER_APPICON_NAME = AppIcon;
				ASSETCATALOG_COMPILER_GLOBAL_ACCENT_COLOR_NAME = AccentColor;
				CODE_SIGN_STYLE = Automatic;
				DEVELOPMENT_ASSET_PATHS = "\"Landmarks/Preview Content\"";
				DEVELOPMENT_TEAM = 8SNB8S3DJU;
				ENABLE_PREVIEWS = YES;
				INFOPLIST_FILE = Landmarks/Info.plist;
				IPHONEOS_DEPLOYMENT_TARGET = 14.0;
				LD_RUNPATH_SEARCH_PATHS = (
					"$(inherited)",
					"@executable_path/Frameworks",
				);
				PRODUCT_BUNDLE_IDENTIFIER = com.jacagen.Landmarks;
				PRODUCT_NAME = "$(TARGET_NAME)";
				SWIFT_VERSION = 5.0;
				TARGETED_DEVICE_FAMILY = "1,2";
			};
			name = Release;
		};
		ABECE91C269A3FB300FAE402 /* Debug */ = {
			isa = XCBuildConfiguration;
			buildSettings = {
				ALWAYS_EMBED_SWIFT_STANDARD_LIBRARIES = YES;
				BUNDLE_LOADER = "$(TEST_HOST)";
				CODE_SIGN_STYLE = Automatic;
				DEVELOPMENT_TEAM = 8SNB8S3DJU;
				INFOPLIST_FILE = LandmarksTests/Info.plist;
				IPHONEOS_DEPLOYMENT_TARGET = 14.0;
				LD_RUNPATH_SEARCH_PATHS = (
					"$(inherited)",
					"@executable_path/Frameworks",
					"@loader_path/Frameworks",
				);
				PRODUCT_BUNDLE_IDENTIFIER = com.jacagen.LandmarksTests;
				PRODUCT_NAME = "$(TARGET_NAME)";
				SWIFT_VERSION = 5.0;
				TARGETED_DEVICE_FAMILY = "1,2";
				TEST_HOST = "$(BUILT_PRODUCTS_DIR)/Landmarks.app/Landmarks";
			};
			name = Debug;
		};
		ABECE91D269A3FB300FAE402 /* Release */ = {
			isa = XCBuildConfiguration;
			buildSettings = {
				ALWAYS_EMBED_SWIFT_STANDARD_LIBRARIES = YES;
				BUNDLE_LOADER = "$(TEST_HOST)";
				CODE_SIGN_STYLE = Automatic;
				DEVELOPMENT_TEAM = 8SNB8S3DJU;
				INFOPLIST_FILE = LandmarksTests/Info.plist;
				IPHONEOS_DEPLOYMENT_TARGET = 14.0;
				LD_RUNPATH_SEARCH_PATHS = (
					"$(inherited)",
					"@executable_path/Frameworks",
					"@loader_path/Frameworks",
				);
				PRODUCT_BUNDLE_IDENTIFIER = com.jacagen.LandmarksTests;
				PRODUCT_NAME = "$(TARGET_NAME)";
				SWIFT_VERSION = 5.0;
				TARGETED_DEVICE_FAMILY = "1,2";
				TEST_HOST = "$(BUILT_PRODUCTS_DIR)/Landmarks.app/Landmarks";
			};
			name = Release;
		};
		ABECE91F269A3FB300FAE402 /* Debug */ = {
			isa = XCBuildConfiguration;
			buildSettings = {
				ALWAYS_EMBED_SWIFT_STANDARD_LIBRARIES = YES;
				CODE_SIGN_STYLE = Automatic;
				DEVELOPMENT_TEAM = 8SNB8S3DJU;
				INFOPLIST_FILE = LandmarksUITests/Info.plist;
				LD_RUNPATH_SEARCH_PATHS = (
					"$(inherited)",
					"@executable_path/Frameworks",
					"@loader_path/Frameworks",
				);
				PRODUCT_BUNDLE_IDENTIFIER = com.jacagen.LandmarksUITests;
				PRODUCT_NAME = "$(TARGET_NAME)";
				SWIFT_VERSION = 5.0;
				TARGETED_DEVICE_FAMILY = "1,2";
				TEST_TARGET_NAME = Landmarks;
			};
			name = Debug;
		};
		ABECE920269A3FB300FAE402 /* Release */ = {
			isa = XCBuildConfiguration;
			buildSettings = {
				ALWAYS_EMBED_SWIFT_STANDARD_LIBRARIES = YES;
				CODE_SIGN_STYLE = Automatic;
				DEVELOPMENT_TEAM = 8SNB8S3DJU;
				INFOPLIST_FILE = LandmarksUITests/Info.plist;
				LD_RUNPATH_SEARCH_PATHS = (
					"$(inherited)",
					"@executable_path/Frameworks",
					"@loader_path/Frameworks",
				);
				PRODUCT_BUNDLE_IDENTIFIER = com.jacagen.LandmarksUITests;
				PRODUCT_NAME = "$(TARGET_NAME)";
				SWIFT_VERSION = 5.0;
				TARGETED_DEVICE_FAMILY = "1,2";
				TEST_TARGET_NAME = Landmarks;
			};
			name = Release;
		};
/* End XCBuildConfiguration section */

/* Begin XCConfigurationList section */
		ABECE8EE269A3FB100FAE402 /* Build configuration list for PBXProject "Landmarks" */ = {
			isa = XCConfigurationList;
			buildConfigurations = (
				ABECE916269A3FB300FAE402 /* Debug */,
				ABECE917269A3FB300FAE402 /* Release */,
			);
			defaultConfigurationIsVisible = 0;
			defaultConfigurationName = Release;
		};
		ABECE918269A3FB300FAE402 /* Build configuration list for PBXNativeTarget "Landmarks" */ = {
			isa = XCConfigurationList;
			buildConfigurations = (
				ABECE919269A3FB300FAE402 /* Debug */,
				ABECE91A269A3FB300FAE402 /* Release */,
			);
			defaultConfigurationIsVisible = 0;
			defaultConfigurationName = Release;
		};
		ABECE91B269A3FB300FAE402 /* Build configuration list for PBXNativeTarget "LandmarksTests" */ = {
			isa = XCConfigurationList;
			buildConfigurations = (
				ABECE91C269A3FB300FAE402 /* Debug */,
				ABECE91D269A3FB300FAE402 /* Release */,
			);
			defaultConfigurationIsVisible = 0;
			defaultConfigurationName = Release;
		};
		ABECE91E269A3FB300FAE402 /* Build configuration list for PBXNativeTarget "LandmarksUITests" */ = {
			isa = XCConfigurationList;
			buildConfigurations = (
				ABECE91F269A3FB300FAE402 /* Debug */,
				ABECE920269A3FB300FAE402 /* Release */,
			);
			defaultConfigurationIsVisible = 0;
			defaultConfigurationName = Release;
		};
/* End XCConfigurationList section */
	};
	rootObject = ABECE8EB269A3FB100FAE402 /* Project object */;
}
